// !$*UTF8*$!
{
	archiveVersion = 1;
	classes = {
	};
	objectVersion = 77;
	objects = {

/* Begin PBXBuildFile section */
		084C865AC45978A8E4D9348F /* Course.swift in Sources */ = {isa = PBXBuildFile; fileRef = 8D1D34499768352567AD63B4 /* Course.swift */; };
		218ABA777516B132F345D2FD /* FeyndApp.swift in Sources */ = {isa = PBXBuildFile; fileRef = 0A077252957BBEE41DCF582D /* FeyndApp.swift */; };
		4AB55572292540C6E6137C6F /* AnthropicClient.swift in Sources */ = {isa = PBXBuildFile; fileRef = 889CAE26161E8467A991FA33 /* AnthropicClient.swift */; };
		65DD9C62C54D69BB9F351DDD /* CoursesView.swift in Sources */ = {isa = PBXBuildFile; fileRef = 62F75B0F782EC4E25CBCEB0D /* CoursesView.swift */; };
		6E05AEE9F059450ABF93C7AB /* Secrets.swift in Sources */ = {isa = PBXBuildFile; fileRef = 8BE40ACBCE23969C211C1B42 /* Secrets.swift */; };
		9D2D1B20EFC1B223E21BA48C /* Assets.xcassets in Resources */ = {isa = PBXBuildFile; fileRef = 8D6854393131D5ADEB1B75CE /* Assets.xcassets */; };
		C8FC0F6C2164FBED3AE5E6F4 /* frontier-ai-2026.json in Resources */ = {isa = PBXBuildFile; fileRef = FC10E86FAF86236D8E96033E /* frontier-ai-2026.json */; };
		CB1A223A872830FD2A4A0271 /* RealtimeClient.swift in Sources */ = {isa = PBXBuildFile; fileRef = EDA7EAE45A7DF6F02587C07B /* RealtimeClient.swift */; };
		DA1D34D56E1402DA637AD353 /* ContentView.swift in Sources */ = {isa = PBXBuildFile; fileRef = CBA0A10DE726A2B91DEEC5C5 /* ContentView.swift */; };
/* End PBXBuildFile section */

/* Begin PBXFileReference section */
		0A077252957BBEE41DCF582D /* FeyndApp.swift */ = {isa = PBXFileReference; lastKnownFileType = sourcecode.swift; path = FeyndApp.swift; sourceTree = "<group>"; };
		62F75B0F782EC4E25CBCEB0D /* CoursesView.swift */ = {isa = PBXFileReference; lastKnownFileType = sourcecode.swift; path = CoursesView.swift; sourceTree = "<group>"; };
		889CAE26161E8467A991FA33 /* AnthropicClient.swift */ = {isa = PBXFileReference; lastKnownFileType = sourcecode.swift; path = AnthropicClient.swift; sourceTree = "<group>"; };
		8B7488FF54E0D0D3D2342D62 /* Feynd.app */ = {isa = PBXFileReference; includeInIndex = 0; lastKnownFileType = wrapper.application; path = Feynd.app; sourceTree = BUILT_PRODUCTS_DIR; };
		8BE40ACBCE23969C211C1B42 /* Secrets.swift */ = {isa = PBXFileReference; lastKnownFileType = sourcecode.swift; path = Secrets.swift; sourceTree = "<group>"; };
		8D1D34499768352567AD63B4 /* Course.swift */ = {isa = PBXFileReference; lastKnownFileType = sourcecode.swift; path = Course.swift; sourceTree = "<group>"; };
		8D6854393131D5ADEB1B75CE /* Assets.xcassets */ = {isa = PBXFileReference; lastKnownFileType = folder.assetcatalog; path = Assets.xcassets; sourceTree = "<group>"; };
		B119830CA567768C3502310E /* Info.plist */ = {isa = PBXFileReference; lastKnownFileType = text.plist; path = Info.plist; sourceTree = "<group>"; };
		CBA0A10DE726A2B91DEEC5C5 /* ContentView.swift */ = {isa = PBXFileReference; lastKnownFileType = sourcecode.swift; path = ContentView.swift; sourceTree = "<group>"; };
		EDA7EAE45A7DF6F02587C07B /* RealtimeClient.swift */ = {isa = PBXFileReference; lastKnownFileType = sourcecode.swift; path = RealtimeClient.swift; sourceTree = "<group>"; };
		FC10E86FAF86236D8E96033E /* frontier-ai-2026.json */ = {isa = PBXFileReference; lastKnownFileType = text.json; path = "frontier-ai-2026.json"; sourceTree = "<group>"; };
/* End PBXFileReference section */

/* Begin PBXGroup section */
		4373D04F4E053F1CAF5AA605 /* Feynd */ = {
			isa = PBXGroup;
			children = (
				889CAE26161E8467A991FA33 /* AnthropicClient.swift */,
				8D6854393131D5ADEB1B75CE /* Assets.xcassets */,
				CBA0A10DE726A2B91DEEC5C5 /* ContentView.swift */,
				8D1D34499768352567AD63B4 /* Course.swift */,
				62F75B0F782EC4E25CBCEB0D /* CoursesView.swift */,
				0A077252957BBEE41DCF582D /* FeyndApp.swift */,
				B119830CA567768C3502310E /* Info.plist */,
				EDA7EAE45A7DF6F02587C07B /* RealtimeClient.swift */,
				8BE40ACBCE23969C211C1B42 /* Secrets.swift */,
				664C2EC3B1B97217567F37B3 /* CourseData */,
			);
			path = Feynd;
			sourceTree = "<group>";
		};
		664C2EC3B1B97217567F37B3 /* CourseData */ = {
			isa = PBXGroup;
			children = (
				FC10E86FAF86236D8E96033E /* frontier-ai-2026.json */,
			);
			path = CourseData;
			sourceTree = "<group>";
		};
		B7269715FA6EFD860E6E2ED1 /* Products */ = {
			isa = PBXGroup;
			children = (
				8B7488FF54E0D0D3D2342D62 /* Feynd.app */,
			);
			name = Products;
			sourceTree = "<group>";
		};
		F87F9A36F88E2A22B1A387BD = {
			isa = PBXGroup;
			children = (
				4373D04F4E053F1CAF5AA605 /* Feynd */,
				B7269715FA6EFD860E6E2ED1 /* Products */,
			);
			sourceTree = "<group>";
		};
/* End PBXGroup section */

/* Begin PBXNativeTarget section */
		891FAB085AA3A80BF0550F69 /* Feynd */ = {
			isa = PBXNativeTarget;
			buildConfigurationList = 6D2FFEB393937F09CF912769 /* Build configuration list for PBXNativeTarget "Feynd" */;
			buildPhases = (
				C72B123456E6382386D117D6 /* Sources */,
				A8C3559117BA6882EF1AA4BA /* Resources */,
			);
			buildRules = (
			);
			dependencies = (
			);
			name = Feynd;
			packageProductDependencies = (
			);
			productName = Feynd;
			productReference = 8B7488FF54E0D0D3D2342D62 /* Feynd.app */;
			productType = "com.apple.product-type.application";
		};
/* End PBXNativeTarget section */

/* Begin PBXProject section */
		335989D3BB49D8743AF521FE /* Project object */ = {
			isa = PBXProject;
			attributes = {
				BuildIndependentTargetsInParallel = YES;
				LastUpgradeCheck = 1430;
				TargetAttributes = {
					891FAB085AA3A80BF0550F69 = {
						DevelopmentTeam = 274T5WCVD2;
					};
				};
			};
			buildConfigurationList = 1A4418A6A42BEE4A53A9D709 /* Build configuration list for PBXProject "Feynd" */;
			developmentRegion = en;
			hasScannedForEncodings = 0;
			knownRegions = (
				Base,
				en,
			);
			mainGroup = F87F9A36F88E2A22B1A387BD;
			minimizedProjectReferenceProxies = 1;
			preferredProjectObjectVersion = 77;
			productRefGroup = B7269715FA6EFD860E6E2ED1 /* Products */;
			projectDirPath = "";
			projectRoot = "";
			targets = (
				891FAB085AA3A80BF0550F69 /* Feynd */,
			);
		};
/* End PBXProject section */

/* Begin PBXResourcesBuildPhase section */
		A8C3559117BA6882EF1AA4BA /* Resources */ = {
			isa = PBXResourcesBuildPhase;
			buildActionMask = 2147483647;
			files = (
				9D2D1B20EFC1B223E21BA48C /* Assets.xcassets in Resources */,
				C8FC0F6C2164FBED3AE5E6F4 /* frontier-ai-2026.json in Resources */,
			);
			runOnlyForDeploymentPostprocessing = 0;
		};
/* End PBXResourcesBuildPhase section */

/* Begin PBXSourcesBuildPhase section */
		C72B123456E6382386D117D6 /* Sources */ = {
			isa = PBXSourcesBuildPhase;
			buildActionMask = 2147483647;
			files = (
				4AB55572292540C6E6137C6F /* AnthropicClient.swift in Sources */,
				DA1D34D56E1402DA637AD353 /* ContentView.swift in Sources */,
				084C865AC45978A8E4D9348F /* Course.swift in Sources */,
				65DD9C62C54D69BB9F351DDD /* CoursesView.swift in Sources */,
				218ABA777516B132F345D2FD /* FeyndApp.swift in Sources */,
				CB1A223A872830FD2A4A0271 /* RealtimeClient.swift in Sources */,
				6E05AEE9F059450ABF93C7AB /* Secrets.swift in Sources */,
			);
			runOnlyForDeploymentPostprocessing = 0;
		};
/* End PBXSourcesBuildPhase section */

/* Begin XCBuildConfiguration section */
		6334B64B329FEF1C954B62BE /* Release */ = {
			isa = XCBuildConfiguration;
			buildSettings = {
				ALWAYS_SEARCH_USER_PATHS = NO;
				CLANG_ANALYZER_NONNULL = YES;
				CLANG_ANALYZER_NUMBER_OBJECT_CONVERSION = YES_AGGRESSIVE;
				CLANG_CXX_LANGUAGE_STANDARD = "gnu++14";
				CLANG_CXX_LIBRARY = "libc++";
				CLANG_ENABLE_MODULES = YES;
				CLANG_ENABLE_OBJC_ARC = YES;
				CLANG_ENABLE_OBJC_WEAK = YES;
				CLANG_WARN_BLOCK_CAPTURE_AUTORELEASING = YES;
				CLANG_WARN_BOOL_CONVERSION = YES;
				CLANG_WARN_COMMA = YES;
				CLANG_WARN_CONSTANT_CONVERSION = YES;
				CLANG_WARN_DEPRECATED_OBJC_IMPLEMENTATIONS = YES;
				CLANG_WARN_DIRECT_OBJC_ISA_USAGE = YES_ERROR;
				CLANG_WARN_DOCUMENTATION_COMMENTS = YES;
				CLANG_WARN_EMPTY_BODY = YES;
				CLANG_WARN_ENUM_CONVERSION = YES;
				CLANG_WARN_INFINITE_RECURSION = YES;
				CLANG_WARN_INT_CONVERSION = YES;
				CLANG_WARN_NON_LITERAL_NULL_CONVERSION = YES;
				CLANG_WARN_OBJC_IMPLICIT_RETAIN_SELF = YES;
				CLANG_WARN_OBJC_LITERAL_CONVERSION = YES;
				CLANG_WARN_OBJC_ROOT_CLASS = YES_ERROR;
				CLANG_WARN_QUOTED_INCLUDE_IN_FRAMEWORK_HEADER = YES;
				CLANG_WARN_RANGE_LOOP_ANALYSIS = YES;
				CLANG_WARN_STRICT_PROTOTYPES = YES;
				CLANG_WARN_SUSPICIOUS_MOVE = YES;
				CLANG_WARN_UNGUARDED_AVAILABILITY = YES_AGGRESSIVE;
				CLANG_WARN_UNREACHABLE_CODE = YES;
				CLANG_WARN__DUPLICATE_METHOD_MATCH = YES;
				COPY_PHASE_STRIP = NO;
				CURRENT_PROJECT_VERSION = 1;
				DEBUG_INFORMATION_FORMAT = "dwarf-with-dsym";
				DEVELOPMENT_TEAM = 274T5WCVD2;
				ENABLE_NS_ASSERTIONS = NO;
				ENABLE_STRICT_OBJC_MSGSEND = YES;
				GCC_C_LANGUAGE_STANDARD = gnu11;
				GCC_NO_COMMON_BLOCKS = YES;
				GCC_WARN_64_TO_32_BIT_CONVERSION = YES;
				GCC_WARN_ABOUT_RETURN_TYPE = YES_ERROR;
				GCC_WARN_UNDECLARED_SELECTOR = YES;
				GCC_WARN_UNINITIALIZED_AUTOS = YES_AGGRESSIVE;
				GCC_WARN_UNUSED_FUNCTION = YES;
				GCC_WARN_UNUSED_VARIABLE = YES;
				IPHONEOS_DEPLOYMENT_TARGET = 17.0;
				MARKETING_VERSION = 0.1;
				MTL_ENABLE_DEBUG_INFO = NO;
				MTL_FAST_MATH = YES;
				PRODUCT_NAME = "$(TARGET_NAME)";
				SDKROOT = iphoneos;
				SWIFT_COMPILATION_MODE = wholemodule;
				SWIFT_OPTIMIZATION_LEVEL = "-O";
				SWIFT_STRICT_CONCURRENCY = minimal;
				SWIFT_VERSION = 5.9;
			};
			name = Release;
		};
		69A8CFE40DB0F54ED2FFC9E2 /* Release */ = {
			isa = XCBuildConfiguration;
			buildSettings = {
				ASSETCATALOG_COMPILER_APPICON_NAME = AppIcon;
				CODE_SIGN_IDENTITY = "iPhone Developer";
				ENABLE_USER_SCRIPT_SANDBOXING = NO;
				GENERATE_INFOPLIST_FILE = NO;
				INFOPLIST_FILE = Feynd/Info.plist;
				LD_RUNPATH_SEARCH_PATHS = (
					"$(inherited)",
					"@executable_path/Frameworks",
				);
				PRODUCT_BUNDLE_IDENTIFIER = com.bartdecrem.Feynd;
				SDKROOT = iphoneos;
				TARGETED_DEVICE_FAMILY = 1;
			};
			name = Release;
		};
		7207C94AD1C56C2BED23D6E9 /* Debug */ = {
			isa = XCBuildConfiguration;
			buildSettings = {
				ALWAYS_SEARCH_USER_PATHS = NO;
				CLANG_ANALYZER_NONNULL = YES;
				CLANG_ANALYZER_NUMBER_OBJECT_CONVERSION = YES_AGGRESSIVE;
				CLANG_CXX_LANGUAGE_STANDARD = "gnu++14";
				CLANG_CXX_LIBRARY = "libc++";
				CLANG_ENABLE_MODULES = YES;
				CLANG_ENABLE_OBJC_ARC = YES;
				CLANG_ENABLE_OBJC_WEAK = YES;
				CLANG_WARN_BLOCK_CAPTURE_AUTORELEASING = YES;
				CLANG_WARN_BOOL_CONVERSION = YES;
				CLANG_WARN_COMMA = YES;
				CLANG_WARN_CONSTANT_CONVERSION = YES;
				CLANG_WARN_DEPRECATED_OBJC_IMPLEMENTATIONS = YES;
				CLANG_WARN_DIRECT_OBJC_ISA_USAGE = YES_ERROR;
				CLANG_WARN_DOCUMENTATION_COMMENTS = YES;
				CLANG_WARN_EMPTY_BODY = YES;
				CLANG_WARN_ENUM_CONVERSION = YES;
				CLANG_WARN_INFINITE_RECURSION = YES;
				CLANG_WARN_INT_CONVERSION = YES;
				CLANG_WARN_NON_LITERAL_NULL_CONVERSION = YES;
				CLANG_WARN_OBJC_IMPLICIT_RETAIN_SELF = YES;
				CLANG_WARN_OBJC_LITERAL_CONVERSION = YES;
				CLANG_WARN_OBJC_ROOT_CLASS = YES_ERROR;
				CLANG_WARN_QUOTED_INCLUDE_IN_FRAMEWORK_HEADER = YES;
				CLANG_WARN_RANGE_LOOP_ANALYSIS = YES;
				CLANG_WARN_STRICT_PROTOTYPES = YES;
				CLANG_WARN_SUSPICIOUS_MOVE = YES;
				CLANG_WARN_UNGUARDED_AVAILABILITY = YES_AGGRESSIVE;
				CLANG_WARN_UNREACHABLE_CODE = YES;
				CLANG_WARN__DUPLICATE_METHOD_MATCH = YES;
				COPY_PHASE_STRIP = NO;
				CURRENT_PROJECT_VERSION = 1;
				DEBUG_INFORMATION_FORMAT = dwarf;
				DEVELOPMENT_TEAM = 274T5WCVD2;
				ENABLE_STRICT_OBJC_MSGSEND = YES;
				ENABLE_TESTABILITY = YES;
				GCC_C_LANGUAGE_STANDARD = gnu11;
				GCC_DYNAMIC_NO_PIC = NO;
				GCC_NO_COMMON_BLOCKS = YES;
				GCC_OPTIMIZATION_LEVEL = 0;
				GCC_PREPROCESSOR_DEFINITIONS = (
					"$(inherited)",
					"DEBUG=1",
				);
				GCC_WARN_64_TO_32_BIT_CONVERSION = YES;
				GCC_WARN_ABOUT_RETURN_TYPE = YES_ERROR;
				GCC_WARN_UNDECLARED_SELECTOR = YES;
				GCC_WARN_UNINITIALIZED_AUTOS = YES_AGGRESSIVE;
				GCC_WARN_UNUSED_FUNCTION = YES;
				GCC_WARN_UNUSED_VARIABLE = YES;
				IPHONEOS_DEPLOYMENT_TARGET = 17.0;
				MARKETING_VERSION = 0.1;
				MTL_ENABLE_DEBUG_INFO = INCLUDE_SOURCE;
				MTL_FAST_MATH = YES;
				ONLY_ACTIVE_ARCH = YES;
				PRODUCT_NAME = "$(TARGET_NAME)";
				SDKROOT = iphoneos;
				SWIFT_ACTIVE_COMPILATION_CONDITIONS = DEBUG;
				SWIFT_OPTIMIZATION_LEVEL = "-Onone";
				SWIFT_STRICT_CONCURRENCY = minimal;
				SWIFT_VERSION = 5.9;
			};
			name = Debug;
		};
		F55F616CEFF3961C4DF66381 /* Debug */ = {
			isa = XCBuildConfiguration;
			buildSettings = {
				ASSETCATALOG_COMPILER_APPICON_NAME = AppIcon;
				CODE_SIGN_IDENTITY = "iPhone Developer";
				ENABLE_USER_SCRIPT_SANDBOXING = NO;
				GENERATE_INFOPLIST_FILE = NO;
				INFOPLIST_FILE = Feynd/Info.plist;
				LD_RUNPATH_SEARCH_PATHS = (
					"$(inherited)",
					"@executable_path/Frameworks",
				);
				PRODUCT_BUNDLE_IDENTIFIER = com.bartdecrem.Feynd;
				SDKROOT = iphoneos;
				TARGETED_DEVICE_FAMILY = 1;
			};
			name = Debug;
		};
/* End XCBuildConfiguration section */

/* Begin XCConfigurationList section */
		1A4418A6A42BEE4A53A9D709 /* Build configuration list for PBXProject "Feynd" */ = {
			isa = XCConfigurationList;
			buildConfigurations = (
				7207C94AD1C56C2BED23D6E9 /* Debug */,
				6334B64B329FEF1C954B62BE /* Release */,
			);
			defaultConfigurationIsVisible = 0;
			defaultConfigurationName = Debug;
		};
		6D2FFEB393937F09CF912769 /* Build configuration list for PBXNativeTarget "Feynd" */ = {
			isa = XCConfigurationList;
			buildConfigurations = (
				F55F616CEFF3961C4DF66381 /* Debug */,
				69A8CFE40DB0F54ED2FFC9E2 /* Release */,
			);
			defaultConfigurationIsVisible = 0;
			defaultConfigurationName = Debug;
		};
/* End XCConfigurationList section */
	};
	rootObject = 335989D3BB49D8743AF521FE /* Project object */;
}
